
Microsoft Visual Studio Solution File, Format Version 12.00
# Visual Studio Version 17
VisualStudioVersion = 17.6.33829.357
MinimumVisualStudioVersion = 10.0.40219.1
Project("{FAE04EC0-301F-11D3-BF4B-00C04F79EFBC}") = "API", "API\API.csproj", "{99836103-68A3-4541-89AB-64CF05F2DF9A}"
EndProject
Project("{2150E333-8FDC-42A3-9474-1A3956D46DE8}") = "Solution Items", "Solution Items", "{B18CEE5F-44D6-40C5-A5F1-B940591D222D}"
	ProjectSection(SolutionItems) = preProject
		README.md = README.md
	EndProjectSection
EndProject
Global
	GlobalSection(SolutionConfigurationPlatforms) = preSolution
		Debug|Any CPU = Debug|Any CPU
		Release|Any CPU = Release|Any CPU
	EndGlobalSection
	GlobalSection(ProjectConfigurationPlatforms) = postSolution
		{99836103-68A3-4541-89AB-64CF05F2DF9A}.Debug|Any CPU.ActiveCfg = Debug|Any CPU
		{99836103-68A3-4541-89AB-64CF05F2DF9A}.Debug|Any CPU.Build.0 = Debug|Any CPU
		{99836103-68A3-4541-89AB-64CF05F2DF9A}.Release|Any CPU.ActiveCfg = Release|Any CPU
		{99836103-68A3-4541-89AB-64CF05F2DF9A}.Release|Any CPU.Build.0 = Release|Any CPU
	EndGlobalSection
	GlobalSection(SolutionProperties) = preSolution
		HideSolutionNode = FALSE
	EndGlobalSection
	GlobalSection(ExtensibilityGlobals) = postSolution
		SolutionGuid = {8773610A-8428-4489-92FE-3754ADF27DC5}
	EndGlobalSection
EndGlobal
